
Microsoft Visual Studio Solution File, Format Version 12.00
# Visual Studio Version 17
VisualStudioVersion = 17.14.37012.4 d17.14
MinimumVisualStudioVersion = 10.0.40219.1
Project("{FAE04EC0-301F-11D3-BF4B-00C04F79EFBC}") = "test", "test\test.csproj", "{81955C3A-2D41-4918-BE45-7264A7FB58BB}"
EndProject
Global
	GlobalSection(SolutionConfigurationPlatforms) = preSolution
		Debug|Any CPU = Debug|Any CPU
		Release|Any CPU = Release|Any CPU
	EndGlobalSection
	GlobalSection(ProjectConfigurationPlatforms) = postSolution
		{81955C3A-2D41-4918-BE45-7264A7FB58BB}.Debug|Any CPU.ActiveCfg = Debug|Any CPU
		{81955C3A-2D41-4918-BE45-7264A7FB58BB}.Debug|Any CPU.Build.0 = Debug|Any CPU
		{81955C3A-2D41-4918-BE45-7264A7FB58BB}.Release|Any CPU.ActiveCfg = Release|Any CPU
		{81955C3A-2D41-4918-BE45-7264A7FB58BB}.Release|Any CPU.Build.0 = Release|Any CPU
	EndGlobalSection
	GlobalSection(SolutionProperties) = preSolution
		HideSolutionNode = FALSE
	EndGlobalSection
	GlobalSection(ExtensibilityGlobals) = postSolution
		SolutionGuid = {E7E08173-5288-4D6E-973C-6CFD2929A96C}
	EndGlobalSection
EndGlobal
